
Microsoft Visual Studio Solution File, Format Version 12.00
# Visual Studio Version 17
VisualStudioVersion = 17.11.35312.102
MinimumVisualStudioVersion = 10.0.40219.1
Project("{FAE04EC0-301F-11D3-BF4B-00C04F79EFBC}") = "Quotation_Module_puc", "Quotation_Module_puc\Quotation_Module_puc.csproj", "{9859BDEE-B255-4A2E-AF0F-72C2306C7535}"
EndProject
Global
	GlobalSection(SolutionConfigurationPlatforms) = preSolution
		Debug|Any CPU = Debug|Any CPU
		Release|Any CPU = Release|Any CPU
	EndGlobalSection
	GlobalSection(ProjectConfigurationPlatforms) = postSolution
		{9859BDEE-B255-4A2E-AF0F-72C2306C7535}.Debug|Any CPU.ActiveCfg = Debug|Any CPU
		{9859BDEE-B255-4A2E-AF0F-72C2306C7535}.Debug|Any CPU.Build.0 = Debug|Any CPU
		{9859BDEE-B255-4A2E-AF0F-72C2306C7535}.Release|Any CPU.ActiveCfg = Release|Any CPU
		{9859BDEE-B255-4A2E-AF0F-72C2306C7535}.Release|Any CPU.Build.0 = Release|Any CPU
	EndGlobalSection
	GlobalSection(SolutionProperties) = preSolution
		HideSolutionNode = FALSE
	EndGlobalSection
	GlobalSection(ExtensibilityGlobals) = postSolution
		SolutionGuid = {D733EE92-C5C7-4F7C-8177-7BC5B663BCA3}
	EndGlobalSection
EndGlobal
